schema: '2.0'
stages:
  Data-Ingesion:
    cmd: python -m src.data.data_ingesion
    deps:
    - path: data/raw/insurance.csv
      hash: md5
      md5: 3d80b1e2d0b3f849d777ccc59193245a
      size: 67615
    - path: logger/logger.py
      hash: md5
      md5: 1fe9d70bdf8f09563becc74a11c04afb
      size: 1353
    - path: src/data/data_ingesion.py
      hash: md5
      md5: 291055af8304b6cc3a33abd34d4a7e75
      size: 1933
    outs:
    - path: data/interim/cleaned_data.csv
      hash: md5
      md5: 2c696aa0f85bc634112f2349a55aed45
      size: 63042
  Feature-Engineering:
    cmd: python -m src.features.feature_engineering
    deps:
    - path: data/interim/cleaned_data.csv
      hash: md5
      md5: 2c696aa0f85bc634112f2349a55aed45
      size: 63042
    - path: logger/logger.py
      hash: md5
      md5: 1fe9d70bdf8f09563becc74a11c04afb
      size: 1353
    - path: src/features/feature_engineering.py
      hash: md5
      md5: d830d346d17c6fb2b961b410e7166ea6
      size: 5284
    outs:
    - path: data/proccessed/x_test.csv
      hash: md5
      md5: 1ccb9e5d96dffd7e1d502969bea2d2b6
      size: 16161
    - path: data/proccessed/x_train.csv
      hash: md5
      md5: 2c502224bc87bf22f57a69cbcc688134
      size: 64259
    - path: data/proccessed/y_test.csv
      hash: md5
      md5: 99f544c7f3049222184fb6c147f40a36
      size: 2507
    - path: data/proccessed/y_train.csv
      hash: md5
      md5: 8eb52a343883fa8e38c60f74143b7579
      size: 9981
  Model-Training:
    cmd: python -m src.model.model_building
    deps:
    - path: data/proccessed/x_train.csv
      hash: md5
      md5: 2c502224bc87bf22f57a69cbcc688134
      size: 64259
    - path: data/proccessed/y_train.csv
      hash: md5
      md5: 8eb52a343883fa8e38c60f74143b7579
      size: 9981
    - path: logger/logger.py
      hash: md5
      md5: 1fe9d70bdf8f09563becc74a11c04afb
      size: 1353
    - path: src/features/feature_engineering.py
      hash: md5
      md5: d830d346d17c6fb2b961b410e7166ea6
      size: 5284
    - path: src/model/model_building.py
      hash: md5
      md5: 2f671a41db66f65f26e89f4b40882be9
      size: 3061
    - path: src/utils.py
      hash: md5
      md5: 3259e17b23a57826482fe9b5e563afde
      size: 770
    outs:
    - path: models/model.pkl
      hash: md5
      md5: 571cd4f848d937b7e25e02cd2fdd17f0
      size: 421598
    - path: reports/run_info.json
      hash: md5
      md5: 624509505cb11a8a932b001c91e4ae9b
      size: 82
  Model-Evaluation:
    cmd: python -m src.evaluation.evaluation
    deps:
    - path: data/proccessed/x_test.csv
      hash: md5
      md5: 1ccb9e5d96dffd7e1d502969bea2d2b6
      size: 16161
    - path: data/proccessed/y_test.csv
      hash: md5
      md5: 99f544c7f3049222184fb6c147f40a36
      size: 2507
    - path: logger/logger.py
      hash: md5
      md5: 1fe9d70bdf8f09563becc74a11c04afb
      size: 1353
    - path: models/model.pkl
      hash: md5
      md5: 571cd4f848d937b7e25e02cd2fdd17f0
      size: 421598
    - path: reports/run_info.json
      hash: md5
      md5: 624509505cb11a8a932b001c91e4ae9b
      size: 82
    - path: src/evaluation/evaluation.py
      hash: md5
      md5: ff93f0a5662223e65a07e76f7a0e1487
      size: 2829
    outs:
    - path: reports/metrics.json
      hash: md5
      md5: f1df6e4f7d1fc99fb7fa6311d7a083cb
      size: 102
  model-registry:
    cmd: python -m src.model.model_registry
  Model-Registry:
    cmd: python -m src.model.model_registry
    deps:
    - path: logger/logger.py
      hash: md5
      md5: 1fe9d70bdf8f09563becc74a11c04afb
      size: 1353
    - path: reports/run_info.json
      hash: md5
      md5: 624509505cb11a8a932b001c91e4ae9b
      size: 82
    - path: src/model/model_registry.py
      hash: md5
      md5: f0d24c1626180f86a0034a05a31f0af6
      size: 1929
